
Microsoft Visual Studio Solution File, Format Version 12.00
# Visual Studio Version 17
VisualStudioVersion = 17.13.35825.156
MinimumVisualStudioVersion = 10.0.40219.1
Project("{FAE04EC0-301F-11D3-BF4B-00C04F79EFBC}") = "HRDemoReportService", "HRDemoReportService\HRDemoReportService.csproj", "{D56B4281-9EE0-44F8-8A17-C43280A4325B}"
EndProject
Project("{FAE04EC0-301F-11D3-BF4B-00C04F79EFBC}") = "HRDemoReportService.Data", "HRDemoReportService.Data\HRDemoReportService.Data.csproj", "{064DC165-866E-400F-8512-D3F42229FF3E}"
EndProject
Project("{FAE04EC0-301F-11D3-BF4B-00C04F79EFBC}") = "HRDemoReportService.Models", "HRDemoReportService.Models\HRDemoReportService.Models.csproj", "{07129426-7D7F-49E3-964F-B85FBD3655D4}"
EndProject
Project("{FAE04EC0-301F-11D3-BF4B-00C04F79EFBC}") = "HRDemoReportService.ModelsCore", "HRDemoReportService.ModelsCore\HRDemoReportService.ModelsCore.csproj", "{1D6B8CA1-946D-4F89-ADCF-D00551F2D77F}"
EndProject
Project("{FAE04EC0-301F-11D3-BF4B-00C04F79EFBC}") = "HRDemoReportService.DataCore", "HRDemoReportService.DataCore\HRDemoReportService.DataCore.csproj", "{C59D2279-CAB2-D9A4-86A8-C39D3FACA3F4}"
EndProject
Global
	GlobalSection(SolutionConfigurationPlatforms) = preSolution
		Debug|Any CPU = Debug|Any CPU
		Release|Any CPU = Release|Any CPU
	EndGlobalSection
	GlobalSection(ProjectConfigurationPlatforms) = postSolution
		{D56B4281-9EE0-44F8-8A17-C43280A4325B}.Debug|Any CPU.ActiveCfg = Debug|Any CPU
		{D56B4281-9EE0-44F8-8A17-C43280A4325B}.Debug|Any CPU.Build.0 = Debug|Any CPU
		{D56B4281-9EE0-44F8-8A17-C43280A4325B}.Release|Any CPU.ActiveCfg = Release|Any CPU
		{D56B4281-9EE0-44F8-8A17-C43280A4325B}.Release|Any CPU.Build.0 = Release|Any CPU
		{064DC165-866E-400F-8512-D3F42229FF3E}.Debug|Any CPU.ActiveCfg = Debug|Any CPU
		{064DC165-866E-400F-8512-D3F42229FF3E}.Debug|Any CPU.Build.0 = Debug|Any CPU
		{064DC165-866E-400F-8512-D3F42229FF3E}.Release|Any CPU.ActiveCfg = Release|Any CPU
		{064DC165-866E-400F-8512-D3F42229FF3E}.Release|Any CPU.Build.0 = Release|Any CPU
		{07129426-7D7F-49E3-964F-B85FBD3655D4}.Debug|Any CPU.ActiveCfg = Debug|Any CPU
		{07129426-7D7F-49E3-964F-B85FBD3655D4}.Debug|Any CPU.Build.0 = Debug|Any CPU
		{07129426-7D7F-49E3-964F-B85FBD3655D4}.Release|Any CPU.ActiveCfg = Release|Any CPU
		{07129426-7D7F-49E3-964F-B85FBD3655D4}.Release|Any CPU.Build.0 = Release|Any CPU
		{1D6B8CA1-946D-4F89-ADCF-D00551F2D77F}.Debug|Any CPU.ActiveCfg = Debug|Any CPU
		{1D6B8CA1-946D-4F89-ADCF-D00551F2D77F}.Debug|Any CPU.Build.0 = Debug|Any CPU
		{1D6B8CA1-946D-4F89-ADCF-D00551F2D77F}.Release|Any CPU.ActiveCfg = Release|Any CPU
		{1D6B8CA1-946D-4F89-ADCF-D00551F2D77F}.Release|Any CPU.Build.0 = Release|Any CPU
		{C59D2279-CAB2-D9A4-86A8-C39D3FACA3F4}.Debug|Any CPU.ActiveCfg = Debug|Any CPU
		{C59D2279-CAB2-D9A4-86A8-C39D3FACA3F4}.Debug|Any CPU.Build.0 = Debug|Any CPU
		{C59D2279-CAB2-D9A4-86A8-C39D3FACA3F4}.Release|Any CPU.ActiveCfg = Release|Any CPU
		{C59D2279-CAB2-D9A4-86A8-C39D3FACA3F4}.Release|Any CPU.Build.0 = Release|Any CPU
		{7EDE7AB7-FA45-1BE2-D98B-D2B54C815A64}.Debug|Any CPU.ActiveCfg = Debug|Any CPU
		{7EDE7AB7-FA45-1BE2-D98B-D2B54C815A64}.Debug|Any CPU.Build.0 = Debug|Any CPU
		{7EDE7AB7-FA45-1BE2-D98B-D2B54C815A64}.Release|Any CPU.ActiveCfg = Release|Any CPU
		{7EDE7AB7-FA45-1BE2-D98B-D2B54C815A64}.Release|Any CPU.Build.0 = Release|Any CPU
	EndGlobalSection
	GlobalSection(SolutionProperties) = preSolution
		HideSolutionNode = FALSE
	EndGlobalSection
	GlobalSection(ExtensibilityGlobals) = postSolution
		SolutionGuid = {BE73E013-7DF7-4C6A-87B0-CC529F2DE668}
	EndGlobalSection
EndGlobal
