
Microsoft Visual Studio Solution File, Format Version 12.00
# Visual Studio Version 17
VisualStudioVersion = 17.12.35707.178
MinimumVisualStudioVersion = 10.0.40219.1
Project("{FAE04EC0-301F-11D3-BF4B-00C04F79EFBC}") = "HRDemoAdmin", "HRDemoAdmin\HRDemoAdmin.csproj", "{FAEC94E1-4E4E-40EA-A98B-E1C08D358999}"
EndProject
Project("{FAE04EC0-301F-11D3-BF4B-00C04F79EFBC}") = "HRDemoAdmin.Services", "HRDemoAdmin.Services\HRDemoAdmin.Services.csproj", "{4C89038D-C1D4-41E4-80F4-41353B78402B}"
EndProject
Global
	GlobalSection(SolutionConfigurationPlatforms) = preSolution
		Debug|Any CPU = Debug|Any CPU
		Release|Any CPU = Release|Any CPU
	EndGlobalSection
	GlobalSection(ProjectConfigurationPlatforms) = postSolution
		{FAEC94E1-4E4E-40EA-A98B-E1C08D358999}.Debug|Any CPU.ActiveCfg = Debug|Any CPU
		{FAEC94E1-4E4E-40EA-A98B-E1C08D358999}.Debug|Any CPU.Build.0 = Debug|Any CPU
		{FAEC94E1-4E4E-40EA-A98B-E1C08D358999}.Release|Any CPU.ActiveCfg = Release|Any CPU
		{FAEC94E1-4E4E-40EA-A98B-E1C08D358999}.Release|Any CPU.Build.0 = Release|Any CPU
		{4C89038D-C1D4-41E4-80F4-41353B78402B}.Debug|Any CPU.ActiveCfg = Debug|Any CPU
		{4C89038D-C1D4-41E4-80F4-41353B78402B}.Debug|Any CPU.Build.0 = Debug|Any CPU
		{4C89038D-C1D4-41E4-80F4-41353B78402B}.Release|Any CPU.ActiveCfg = Release|Any CPU
		{4C89038D-C1D4-41E4-80F4-41353B78402B}.Release|Any CPU.Build.0 = Release|Any CPU
	EndGlobalSection
	GlobalSection(SolutionProperties) = preSolution
		HideSolutionNode = FALSE
	EndGlobalSection
	GlobalSection(ExtensibilityGlobals) = postSolution
		SolutionGuid = {C964CC8F-6889-4E29-96FD-EDFD6815AA6F}
	EndGlobalSection
EndGlobal
